// !$*UTF8*$!
{
	archiveVersion = 1;
	classes = {
	};
	objectVersion = 56;
	objects = {

/* Begin PBXBuildFile section */
		8C88CF552D27753B0074F613 /* SensorKit.framework in Frameworks */ = {isa = PBXBuildFile; fileRef = 8C88CF542D27753A0074F613 /* SensorKit.framework */; };
		8C8B08562D1CCC5700C5109B /* Frameworks in Resources */ = {isa = PBXBuildFile; fileRef = 8C8B08552D1CCC5700C5109B /* Frameworks */; };
		8CAE93F22CD16484004F6904 /* GlucoseDataView.swift in Sources */ = {isa = PBXBuildFile; fileRef = 8CAE93F12CD16484004F6904 /* GlucoseDataView.swift */; };
		8CAE93F32CD16484004F6904 /* GlucoseDataView.swift in Sources */ = {isa = PBXBuildFile; fileRef = 8CAE93F12CD16484004F6904 /* GlucoseDataView.swift */; };
		8CAE93F42CD16484004F6904 /* GlucoseDataView.swift in Sources */ = {isa = PBXBuildFile; fileRef = 8CAE93F12CD16484004F6904 /* GlucoseDataView.swift */; };
		8CD27C022D1B591D0039139A /* InjectSK.swift in Sources */ = {isa = PBXBuildFile; fileRef = 8CD27C012D1B591D0039139A /* InjectSK.swift */; };
		8CD2B35B2D25FD4F00FC4C2D /* SensorKitPrivate.m in Sources */ = {isa = PBXBuildFile; fileRef = 8CD2B35A2D25FD4F00FC4C2D /* SensorKitPrivate.m */; };
		8CF144F72CD1534900005242 /* GlucoWatchApp.swift in Sources */ = {isa = PBXBuildFile; fileRef = 8CF144F62CD1534900005242 /* GlucoWatchApp.swift */; };
		8CF144F92CD1534900005242 /* ContentView.swift in Sources */ = {isa = PBXBuildFile; fileRef = 8CF144F82CD1534900005242 /* ContentView.swift */; };
		8CF144FB2CD1534C00005242 /* Assets.xcassets in Resources */ = {isa = PBXBuildFile; fileRef = 8CF144FA2CD1534C00005242 /* Assets.xcassets */; };
		8CF144FE2CD1534C00005242 /* Preview Assets.xcassets in Resources */ = {isa = PBXBuildFile; fileRef = 8CF144FD2CD1534C00005242 /* Preview Assets.xcassets */; };
		8CF145002CD1534C00005242 /* Persistence.swift in Sources */ = {isa = PBXBuildFile; fileRef = 8CF144FF2CD1534C00005242 /* Persistence.swift */; };
		8CF145032CD1534C00005242 /* GlucoWatch.xcdatamodeld in Sources */ = {isa = PBXBuildFile; fileRef = 8CF145012CD1534C00005242 /* GlucoWatch.xcdatamodeld */; };
		8CF1450D2CD1534D00005242 /* GlucoWatchTests.swift in Sources */ = {isa = PBXBuildFile; fileRef = 8CF1450C2CD1534D00005242 /* GlucoWatchTests.swift */; };
		8CF145172CD1534D00005242 /* GlucoWatchUITests.swift in Sources */ = {isa = PBXBuildFile; fileRef = 8CF145162CD1534D00005242 /* GlucoWatchUITests.swift */; };
		8CF145192CD1534D00005242 /* GlucoWatchUITestsLaunchTests.swift in Sources */ = {isa = PBXBuildFile; fileRef = 8CF145182CD1534D00005242 /* GlucoWatchUITestsLaunchTests.swift */; };
		8CF1452B2CD1543500005242 /* HealthDataFetcher.swift in Sources */ = {isa = PBXBuildFile; fileRef = 8CF145272CD1543500005242 /* HealthDataFetcher.swift */; };
		8CF1452C2CD1543500005242 /* HealthDataFetcher.swift in Sources */ = {isa = PBXBuildFile; fileRef = 8CF145272CD1543500005242 /* HealthDataFetcher.swift */; };
		8CF1452D2CD1543500005242 /* HealthDataFetcher.swift in Sources */ = {isa = PBXBuildFile; fileRef = 8CF145272CD1543500005242 /* HealthDataFetcher.swift */; };
		8CF145322CD1544300005242 /* BreadUnitsView.swift in Sources */ = {isa = PBXBuildFile; fileRef = 8CF1452E2CD1544200005242 /* BreadUnitsView.swift */; };
		8CF145332CD1544300005242 /* BreadUnitsView.swift in Sources */ = {isa = PBXBuildFile; fileRef = 8CF1452E2CD1544200005242 /* BreadUnitsView.swift */; };
		8CF145342CD1544300005242 /* BreadUnitsView.swift in Sources */ = {isa = PBXBuildFile; fileRef = 8CF1452E2CD1544200005242 /* BreadUnitsView.swift */; };
		8CF145352CD1544300005242 /* WebView.swift in Sources */ = {isa = PBXBuildFile; fileRef = 8CF1452F2CD1544300005242 /* WebView.swift */; };
		8CF145362CD1544300005242 /* WebView.swift in Sources */ = {isa = PBXBuildFile; fileRef = 8CF1452F2CD1544300005242 /* WebView.swift */; };
		8CF145372CD1544300005242 /* WebView.swift in Sources */ = {isa = PBXBuildFile; fileRef = 8CF1452F2CD1544300005242 /* WebView.swift */; };
		8CF145382CD1544300005242 /* WatchSensor.swift in Sources */ = {isa = PBXBuildFile; fileRef = 8CF145302CD1544300005242 /* WatchSensor.swift */; };
		8CF145392CD1544300005242 /* WatchSensor.swift in Sources */ = {isa = PBXBuildFile; fileRef = 8CF145302CD1544300005242 /* WatchSensor.swift */; };
		8CF1453A2CD1544300005242 /* WatchSensor.swift in Sources */ = {isa = PBXBuildFile; fileRef = 8CF145302CD1544300005242 /* WatchSensor.swift */; };
		8CF1453B2CD1544300005242 /* BarCodeView.swift in Sources */ = {isa = PBXBuildFile; fileRef = 8CF145312CD1544300005242 /* BarCodeView.swift */; };
		8CF1453C2CD1544300005242 /* BarCodeView.swift in Sources */ = {isa = PBXBuildFile; fileRef = 8CF145312CD1544300005242 /* BarCodeView.swift */; };
		8CF1453D2CD1544300005242 /* BarCodeView.swift in Sources */ = {isa = PBXBuildFile; fileRef = 8CF145312CD1544300005242 /* BarCodeView.swift */; };
/* End PBXBuildFile section */

/* Begin PBXContainerItemProxy section */
		8CF145092CD1534D00005242 /* PBXContainerItemProxy */ = {
			isa = PBXContainerItemProxy;
			containerPortal = 8CF144EB2CD1534900005242 /* Project object */;
			proxyType = 1;
			remoteGlobalIDString = 8CF144F22CD1534900005242;
			remoteInfo = GlucoWatch;
		};
		8CF145132CD1534D00005242 /* PBXContainerItemProxy */ = {
			isa = PBXContainerItemProxy;
			containerPortal = 8CF144EB2CD1534900005242 /* Project object */;
			proxyType = 1;
			remoteGlobalIDString = 8CF144F22CD1534900005242;
			remoteInfo = GlucoWatch;
		};
/* End PBXContainerItemProxy section */

/* Begin PBXCopyFilesBuildPhase section */
		8C40456B2D1F4F5300736849 /* Embed Frameworks */ = {
			isa = PBXCopyFilesBuildPhase;
			buildActionMask = 2147483647;
			dstPath = "";
			dstSubfolderSpec = 10;
			files = (
			);
			name = "Embed Frameworks";
			runOnlyForDeploymentPostprocessing = 0;
		};
/* End PBXCopyFilesBuildPhase section */

/* Begin PBXFileReference section */
		8C40454A2D1F498F00736849 /* frida-gadget.dylib */ = {isa = PBXFileReference; lastKnownFileType = "compiled.mach-o.dylib"; name = "frida-gadget.dylib"; path = "GlucoWatch/Frameworks/frida-gadget.dylib"; sourceTree = "<group>"; };
		8C4045522D1F4F3300736849 /* Gadget.swift */ = {isa = PBXFileReference; lastKnownFileType = sourcecode.swift; path = Gadget.swift; sourceTree = "<group>"; };
		8C4045602D1F4F5300736849 /* Gadget.h */ = {isa = PBXFileReference; lastKnownFileType = sourcecode.c.h; path = Gadget.h; sourceTree = "<group>"; };
		8C4045612D1F4F5300736849 /* Gadget.docc */ = {isa = PBXFileReference; lastKnownFileType = folder.documentationcatalog; path = Gadget.docc; sourceTree = "<group>"; };
		8C88CF532D275D2B0074F613 /* SensorKitAPI.h */ = {isa = PBXFileReference; lastKnownFileType = sourcecode.c.h; path = SensorKitAPI.h; sourceTree = "<group>"; };
		8C88CF542D27753A0074F613 /* SensorKit.framework */ = {isa = PBXFileReference; lastKnownFileType = wrapper.framework; name = SensorKit.framework; path = System/Library/Frameworks/SensorKit.framework; sourceTree = SDKROOT; };
		8C8B08552D1CCC5700C5109B /* Frameworks */ = {isa = PBXFileReference; lastKnownFileType = folder; path = Frameworks; sourceTree = "<group>"; };
		8CAE93F02CD162F0004F6904 /* GlucoWatch.entitlements */ = {isa = PBXFileReference; lastKnownFileType = text.plist.entitlements; path = GlucoWatch.entitlements; sourceTree = "<group>"; };
		8CAE93F12CD16484004F6904 /* GlucoseDataView.swift */ = {isa = PBXFileReference; lastKnownFileType = sourcecode.swift; path = GlucoseDataView.swift; sourceTree = "<group>"; };
		8CAE93F52CD180D8004F6904 /* Info.plist */ = {isa = PBXFileReference; lastKnownFileType = text.plist; path = Info.plist; sourceTree = "<group>"; };
		8CD27C012D1B591D0039139A /* InjectSK.swift */ = {isa = PBXFileReference; lastKnownFileType = sourcecode.swift; path = InjectSK.swift; sourceTree = "<group>"; };
		8CD2B3592D25FD4F00FC4C2D /* GlucoWatch-Bridging-Header.h */ = {isa = PBXFileReference; lastKnownFileType = sourcecode.c.h; path = "GlucoWatch-Bridging-Header.h"; sourceTree = "<group>"; };
		8CD2B35A2D25FD4F00FC4C2D /* SensorKitPrivate.m */ = {isa = PBXFileReference; lastKnownFileType = sourcecode.c.objc; path = SensorKitPrivate.m; sourceTree = "<group>"; };
		8CF144F32CD1534900005242 /* GlucoWatch.app */ = {isa = PBXFileReference; explicitFileType = wrapper.application; includeInIndex = 0; path = GlucoWatch.app; sourceTree = BUILT_PRODUCTS_DIR; };
		8CF144F62CD1534900005242 /* GlucoWatchApp.swift */ = {isa = PBXFileReference; lastKnownFileType = sourcecode.swift; path = GlucoWatchApp.swift; sourceTree = "<group>"; };
		8CF144F82CD1534900005242 /* ContentView.swift */ = {isa = PBXFileReference; lastKnownFileType = sourcecode.swift; path = ContentView.swift; sourceTree = "<group>"; };
		8CF144FA2CD1534C00005242 /* Assets.xcassets */ = {isa = PBXFileReference; lastKnownFileType = folder.assetcatalog; path = Assets.xcassets; sourceTree = "<group>"; };
		8CF144FD2CD1534C00005242 /* Preview Assets.xcassets */ = {isa = PBXFileReference; lastKnownFileType = folder.assetcatalog; path = "Preview Assets.xcassets"; sourceTree = "<group>"; };
		8CF144FF2CD1534C00005242 /* Persistence.swift */ = {isa = PBXFileReference; lastKnownFileType = sourcecode.swift; path = Persistence.swift; sourceTree = "<group>"; };
		8CF145022CD1534C00005242 /* GlucoWatch.xcdatamodel */ = {isa = PBXFileReference; lastKnownFileType = wrapper.xcdatamodel; path = GlucoWatch.xcdatamodel; sourceTree = "<group>"; };
		8CF145082CD1534D00005242 /* GlucoWatchTests.xctest */ = {isa = PBXFileReference; explicitFileType = wrapper.cfbundle; includeInIndex = 0; path = GlucoWatchTests.xctest; sourceTree = BUILT_PRODUCTS_DIR; };
		8CF1450C2CD1534D00005242 /* GlucoWatchTests.swift */ = {isa = PBXFileReference; lastKnownFileType = sourcecode.swift; path = GlucoWatchTests.swift; sourceTree = "<group>"; };
		8CF145122CD1534D00005242 /* GlucoWatchUITests.xctest */ = {isa = PBXFileReference; explicitFileType = wrapper.cfbundle; includeInIndex = 0; path = GlucoWatchUITests.xctest; sourceTree = BUILT_PRODUCTS_DIR; };
		8CF145162CD1534D00005242 /* GlucoWatchUITests.swift */ = {isa = PBXFileReference; lastKnownFileType = sourcecode.swift; path = GlucoWatchUITests.swift; sourceTree = "<group>"; };
		8CF145182CD1534D00005242 /* GlucoWatchUITestsLaunchTests.swift */ = {isa = PBXFileReference; lastKnownFileType = sourcecode.swift; path = GlucoWatchUITestsLaunchTests.swift; sourceTree = "<group>"; };
		8CF145272CD1543500005242 /* HealthDataFetcher.swift */ = {isa = PBXFileReference; fileEncoding = 4; lastKnownFileType = sourcecode.swift; path = HealthDataFetcher.swift; sourceTree = "<group>"; };
		8CF1452E2CD1544200005242 /* BreadUnitsView.swift */ = {isa = PBXFileReference; fileEncoding = 4; lastKnownFileType = sourcecode.swift; path = BreadUnitsView.swift; sourceTree = "<group>"; };
		8CF1452F2CD1544300005242 /* WebView.swift */ = {isa = PBXFileReference; fileEncoding = 4; lastKnownFileType = sourcecode.swift; path = WebView.swift; sourceTree = "<group>"; };
		8CF145302CD1544300005242 /* WatchSensor.swift */ = {isa = PBXFileReference; fileEncoding = 4; lastKnownFileType = sourcecode.swift; path = WatchSensor.swift; sourceTree = "<group>"; };
		8CF145312CD1544300005242 /* BarCodeView.swift */ = {isa = PBXFileReference; fileEncoding = 4; lastKnownFileType = sourcecode.swift; path = BarCodeView.swift; sourceTree = "<group>"; };
/* End PBXFileReference section */

/* Begin PBXFrameworksBuildPhase section */
		8CF144F02CD1534900005242 /* Frameworks */ = {
			isa = PBXFrameworksBuildPhase;
			buildActionMask = 2147483647;
			files = (
				8C88CF552D27753B0074F613 /* SensorKit.framework in Frameworks */,
			);
			runOnlyForDeploymentPostprocessing = 0;
		};
		8CF145052CD1534D00005242 /* Frameworks */ = {
			isa = PBXFrameworksBuildPhase;
			buildActionMask = 2147483647;
			files = (
			);
			runOnlyForDeploymentPostprocessing = 0;
		};
		8CF1450F2CD1534D00005242 /* Frameworks */ = {
			isa = PBXFrameworksBuildPhase;
			buildActionMask = 2147483647;
			files = (
			);
			runOnlyForDeploymentPostprocessing = 0;
		};
/* End PBXFrameworksBuildPhase section */

/* Begin PBXGroup section */
		8C4045492D1F498F00736849 /* Frameworks */ = {
			isa = PBXGroup;
			children = (
				8C88CF542D27753A0074F613 /* SensorKit.framework */,
				8C40454A2D1F498F00736849 /* frida-gadget.dylib */,
			);
			name = Frameworks;
			sourceTree = "<group>";
		};
		8C4045512D1F4F3300736849 /* Gadget */ = {
			isa = PBXGroup;
			children = (
				8C4045522D1F4F3300736849 /* Gadget.swift */,
			);
			path = Gadget;
			sourceTree = "<group>";
		};
		8C40455F2D1F4F5300736849 /* Gadget */ = {
			isa = PBXGroup;
			children = (
				8C4045602D1F4F5300736849 /* Gadget.h */,
				8C4045612D1F4F5300736849 /* Gadget.docc */,
			);
			path = Gadget;
			sourceTree = "<group>";
		};
		8CF144EA2CD1534900005242 = {
			isa = PBXGroup;
			children = (
				8CF144F52CD1534900005242 /* GlucoWatch */,
				8CF1450B2CD1534D00005242 /* GlucoWatchTests */,
				8CF145152CD1534D00005242 /* GlucoWatchUITests */,
				8C4045512D1F4F3300736849 /* Gadget */,
				8C40455F2D1F4F5300736849 /* Gadget */,
				8CF144F42CD1534900005242 /* Products */,
				8C4045492D1F498F00736849 /* Frameworks */,
			);
			sourceTree = "<group>";
		};
		8CF144F42CD1534900005242 /* Products */ = {
			isa = PBXGroup;
			children = (
				8CF144F32CD1534900005242 /* GlucoWatch.app */,
				8CF145082CD1534D00005242 /* GlucoWatchTests.xctest */,
				8CF145122CD1534D00005242 /* GlucoWatchUITests.xctest */,
			);
			name = Products;
			sourceTree = "<group>";
		};
		8CF144F52CD1534900005242 /* GlucoWatch */ = {
			isa = PBXGroup;
			children = (
				8C8B08552D1CCC5700C5109B /* Frameworks */,
				8CAE93F52CD180D8004F6904 /* Info.plist */,
				8CAE93F02CD162F0004F6904 /* GlucoWatch.entitlements */,
				8CF1452F2CD1544300005242 /* WebView.swift */,
				8CAE93F12CD16484004F6904 /* GlucoseDataView.swift */,
				8CF145272CD1543500005242 /* HealthDataFetcher.swift */,
				8CF145312CD1544300005242 /* BarCodeView.swift */,
				8CF1452E2CD1544200005242 /* BreadUnitsView.swift */,
				8CF145302CD1544300005242 /* WatchSensor.swift */,
				8CF144F62CD1534900005242 /* GlucoWatchApp.swift */,
				8CF144F82CD1534900005242 /* ContentView.swift */,
				8CF144FA2CD1534C00005242 /* Assets.xcassets */,
				8CF144FF2CD1534C00005242 /* Persistence.swift */,
				8CF145012CD1534C00005242 /* GlucoWatch.xcdatamodeld */,
				8CF144FC2CD1534C00005242 /* Preview Content */,
				8CD27C012D1B591D0039139A /* InjectSK.swift */,
				8CD2B35A2D25FD4F00FC4C2D /* SensorKitPrivate.m */,
				8CD2B3592D25FD4F00FC4C2D /* GlucoWatch-Bridging-Header.h */,
				8C88CF532D275D2B0074F613 /* SensorKitAPI.h */,
			);
			path = GlucoWatch;
			sourceTree = "<group>";
		};
		8CF144FC2CD1534C00005242 /* Preview Content */ = {
			isa = PBXGroup;
			children = (
				8CF144FD2CD1534C00005242 /* Preview Assets.xcassets */,
			);
			path = "Preview Content";
			sourceTree = "<group>";
		};
		8CF1450B2CD1534D00005242 /* GlucoWatchTests */ = {
			isa = PBXGroup;
			children = (
				8CF1450C2CD1534D00005242 /* GlucoWatchTests.swift */,
			);
			path = GlucoWatchTests;
			sourceTree = "<group>";
		};
		8CF145152CD1534D00005242 /* GlucoWatchUITests */ = {
			isa = PBXGroup;
			children = (
				8CF145162CD1534D00005242 /* GlucoWatchUITests.swift */,
				8CF145182CD1534D00005242 /* GlucoWatchUITestsLaunchTests.swift */,
			);
			path = GlucoWatchUITests;
			sourceTree = "<group>";
		};
/* End PBXGroup section */

/* Begin PBXNativeTarget section */
		8CF144F22CD1534900005242 /* GlucoWatch */ = {
			isa = PBXNativeTarget;
			buildConfigurationList = 8CF1451C2CD1534D00005242 /* Build configuration list for PBXNativeTarget "GlucoWatch" */;
			buildPhases = (
				8CF144EF2CD1534900005242 /* Sources */,
				8CF144F02CD1534900005242 /* Frameworks */,
				8CF144F12CD1534900005242 /* Resources */,
				8C40456B2D1F4F5300736849 /* Embed Frameworks */,
			);
			buildRules = (
			);
			dependencies = (
			);
			name = GlucoWatch;
			productName = GlucoWatch;
			productReference = 8CF144F32CD1534900005242 /* GlucoWatch.app */;
			productType = "com.apple.product-type.application";
		};
		8CF145072CD1534D00005242 /* GlucoWatchTests */ = {
			isa = PBXNativeTarget;
			buildConfigurationList = 8CF1451F2CD1534D00005242 /* Build configuration list for PBXNativeTarget "GlucoWatchTests" */;
			buildPhases = (
				8CF145042CD1534D00005242 /* Sources */,
				8CF145052CD1534D00005242 /* Frameworks */,
				8CF145062CD1534D00005242 /* Resources */,
			);
			buildRules = (
			);
			dependencies = (
				8CF1450A2CD1534D00005242 /* PBXTargetDependency */,
			);
			name = GlucoWatchTests;
			productName = GlucoWatchTests;
			productReference = 8CF145082CD1534D00005242 /* GlucoWatchTests.xctest */;
			productType = "com.apple.product-type.bundle.unit-test";
		};
		8CF145112CD1534D00005242 /* GlucoWatchUITests */ = {
			isa = PBXNativeTarget;
			buildConfigurationList = 8CF145222CD1534D00005242 /* Build configuration list for PBXNativeTarget "GlucoWatchUITests" */;
			buildPhases = (
				8CF1450E2CD1534D00005242 /* Sources */,
				8CF1450F2CD1534D00005242 /* Frameworks */,
				8CF145102CD1534D00005242 /* Resources */,
			);
			buildRules = (
			);
			dependencies = (
				8CF145142CD1534D00005242 /* PBXTargetDependency */,
			);
			name = GlucoWatchUITests;
			productName = GlucoWatchUITests;
			productReference = 8CF145122CD1534D00005242 /* GlucoWatchUITests.xctest */;
			productType = "com.apple.product-type.bundle.ui-testing";
		};
/* End PBXNativeTarget section */

/* Begin PBXProject section */
		8CF144EB2CD1534900005242 /* Project object */ = {
			isa = PBXProject;
			attributes = {
				BuildIndependentTargetsInParallel = 1;
				LastSwiftUpdateCheck = 1540;
				LastUpgradeCheck = 1520;
				TargetAttributes = {
					8CF144F22CD1534900005242 = {
						CreatedOnToolsVersion = 15.2;
						LastSwiftMigration = 1540;
					};
					8CF145072CD1534D00005242 = {
						CreatedOnToolsVersion = 15.2;
						TestTargetID = 8CF144F22CD1534900005242;
					};
					8CF145112CD1534D00005242 = {
						CreatedOnToolsVersion = 15.2;
						TestTargetID = 8CF144F22CD1534900005242;
					};
				};
			};
			buildConfigurationList = 8CF144EE2CD1534900005242 /* Build configuration list for PBXProject "GlucoWatch" */;
			compatibilityVersion = "Xcode 14.0";
			developmentRegion = en;
			hasScannedForEncodings = 0;
			knownRegions = (
				en,
				Base,
			);
			mainGroup = 8CF144EA2CD1534900005242;
			productRefGroup = 8CF144F42CD1534900005242 /* Products */;
			projectDirPath = "";
			projectRoot = "";
			targets = (
				8CF144F22CD1534900005242 /* GlucoWatch */,
				8CF145072CD1534D00005242 /* GlucoWatchTests */,
				8CF145112CD1534D00005242 /* GlucoWatchUITests */,
			);
		};
/* End PBXProject section */

/* Begin PBXResourcesBuildPhase section */
		8CF144F12CD1534900005242 /* Resources */ = {
			isa = PBXResourcesBuildPhase;
			buildActionMask = 2147483647;
			files = (
				8C8B08562D1CCC5700C5109B /* Frameworks in Resources */,
				8CF144FE2CD1534C00005242 /* Preview Assets.xcassets in Resources */,
				8CF144FB2CD1534C00005242 /* Assets.xcassets in Resources */,
			);
			runOnlyForDeploymentPostprocessing = 0;
		};
		8CF145062CD1534D00005242 /* Resources */ = {
			isa = PBXResourcesBuildPhase;
			buildActionMask = 2147483647;
			files = (
			);
			runOnlyForDeploymentPostprocessing = 0;
		};
		8CF145102CD1534D00005242 /* Resources */ = {
			isa = PBXResourcesBuildPhase;
			buildActionMask = 2147483647;
			files = (
			);
			runOnlyForDeploymentPostprocessing = 0;
		};
/* End PBXResourcesBuildPhase section */

/* Begin PBXSourcesBuildPhase section */
		8CF144EF2CD1534900005242 /* Sources */ = {
			isa = PBXSourcesBuildPhase;
			buildActionMask = 2147483647;
			files = (
				8CD27C022D1B591D0039139A /* InjectSK.swift in Sources */,
				8CF145032CD1534C00005242 /* GlucoWatch.xcdatamodeld in Sources */,
				8CF145352CD1544300005242 /* WebView.swift in Sources */,
				8CF145382CD1544300005242 /* WatchSensor.swift in Sources */,
				8CAE93F22CD16484004F6904 /* GlucoseDataView.swift in Sources */,
				8CF145002CD1534C00005242 /* Persistence.swift in Sources */,
				8CF144F92CD1534900005242 /* ContentView.swift in Sources */,
				8CF144F72CD1534900005242 /* GlucoWatchApp.swift in Sources */,
				8CF1453B2CD1544300005242 /* BarCodeView.swift in Sources */,
				8CF1452B2CD1543500005242 /* HealthDataFetcher.swift in Sources */,
				8CD2B35B2D25FD4F00FC4C2D /* SensorKitPrivate.m in Sources */,
				8CF145322CD1544300005242 /* BreadUnitsView.swift in Sources */,
			);
			runOnlyForDeploymentPostprocessing = 0;
		};
		8CF145042CD1534D00005242 /* Sources */ = {
			isa = PBXSourcesBuildPhase;
			buildActionMask = 2147483647;
			files = (
				8CF1450D2CD1534D00005242 /* GlucoWatchTests.swift in Sources */,
				8CF145362CD1544300005242 /* WebView.swift in Sources */,
				8CF1453C2CD1544300005242 /* BarCodeView.swift in Sources */,
				8CF1452C2CD1543500005242 /* HealthDataFetcher.swift in Sources */,
				8CF145332CD1544300005242 /* BreadUnitsView.swift in Sources */,
				8CF145392CD1544300005242 /* WatchSensor.swift in Sources */,
				8CAE93F32CD16484004F6904 /* GlucoseDataView.swift in Sources */,
			);
			runOnlyForDeploymentPostprocessing = 0;
		};
		8CF1450E2CD1534D00005242 /* Sources */ = {
			isa = PBXSourcesBuildPhase;
			buildActionMask = 2147483647;
			files = (
				8CF145342CD1544300005242 /* BreadUnitsView.swift in Sources */,
				8CF145172CD1534D00005242 /* GlucoWatchUITests.swift in Sources */,
				8CF145192CD1534D00005242 /* GlucoWatchUITestsLaunchTests.swift in Sources */,
				8CF145372CD1544300005242 /* WebView.swift in Sources */,
				8CF1453A2CD1544300005242 /* WatchSensor.swift in Sources */,
				8CF1452D2CD1543500005242 /* HealthDataFetcher.swift in Sources */,
				8CF1453D2CD1544300005242 /* BarCodeView.swift in Sources */,
				8CAE93F42CD16484004F6904 /* GlucoseDataView.swift in Sources */,
			);
			runOnlyForDeploymentPostprocessing = 0;
		};
/* End PBXSourcesBuildPhase section */

/* Begin PBXTargetDependency section */
		8CF1450A2CD1534D00005242 /* PBXTargetDependency */ = {
			isa = PBXTargetDependency;
			target = 8CF144F22CD1534900005242 /* GlucoWatch */;
			targetProxy = 8CF145092CD1534D00005242 /* PBXContainerItemProxy */;
		};
		8CF145142CD1534D00005242 /* PBXTargetDependency */ = {
			isa = PBXTargetDependency;
			target = 8CF144F22CD1534900005242 /* GlucoWatch */;
			targetProxy = 8CF145132CD1534D00005242 /* PBXContainerItemProxy */;
		};
/* End PBXTargetDependency section */

/* Begin XCBuildConfiguration section */
		8CF1451A2CD1534D00005242 /* Debug */ = {
			isa = XCBuildConfiguration;
			buildSettings = {
				ALWAYS_SEARCH_USER_PATHS = NO;
				ASSETCATALOG_COMPILER_GENERATE_SWIFT_ASSET_SYMBOL_EXTENSIONS = YES;
				CLANG_ANALYZER_NONNULL = YES;
				CLANG_ANALYZER_NUMBER_OBJECT_CONVERSION = YES_AGGRESSIVE;
				CLANG_CXX_LANGUAGE_STANDARD = "gnu++20";
				CLANG_ENABLE_MODULES = YES;
				CLANG_ENABLE_OBJC_ARC = YES;
				CLANG_ENABLE_OBJC_WEAK = YES;
				CLANG_WARN_BLOCK_CAPTURE_AUTORELEASING = YES;
				CLANG_WARN_BOOL_CONVERSION = YES;
				CLANG_WARN_COMMA = YES;
				CLANG_WARN_CONSTANT_CONVERSION = YES;
				CLANG_WARN_DEPRECATED_OBJC_IMPLEMENTATIONS = YES;
				CLANG_WARN_DIRECT_OBJC_ISA_USAGE = YES_ERROR;
				CLANG_WARN_DOCUMENTATION_COMMENTS = YES;
				CLANG_WARN_EMPTY_BODY = YES;
				CLANG_WARN_ENUM_CONVERSION = YES;
				CLANG_WARN_INFINITE_RECURSION = YES;
				CLANG_WARN_INT_CONVERSION = YES;
				CLANG_WARN_NON_LITERAL_NULL_CONVERSION = YES;
				CLANG_WARN_OBJC_IMPLICIT_RETAIN_SELF = YES;
				CLANG_WARN_OBJC_LITERAL_CONVERSION = YES;
				CLANG_WARN_OBJC_ROOT_CLASS = YES_ERROR;
				CLANG_WARN_QUOTED_INCLUDE_IN_FRAMEWORK_HEADER = YES;
				CLANG_WARN_RANGE_LOOP_ANALYSIS = YES;
				CLANG_WARN_STRICT_PROTOTYPES = YES;
				CLANG_WARN_SUSPICIOUS_MOVE = YES;
				CLANG_WARN_UNGUARDED_AVAILABILITY = YES_AGGRESSIVE;
				CLANG_WARN_UNREACHABLE_CODE = YES;
				CLANG_WARN__DUPLICATE_METHOD_MATCH = YES;
				COPY_PHASE_STRIP = NO;
				DEBUG_INFORMATION_FORMAT = dwarf;
				ENABLE_STRICT_OBJC_MSGSEND = YES;
				ENABLE_TESTABILITY = YES;
				ENABLE_USER_SCRIPT_SANDBOXING = YES;
				GCC_C_LANGUAGE_STANDARD = gnu17;
				GCC_DYNAMIC_NO_PIC = NO;
				GCC_NO_COMMON_BLOCKS = YES;
				GCC_OPTIMIZATION_LEVEL = 0;
				GCC_PREPROCESSOR_DEFINITIONS = (
					"DEBUG=1",
					"$(inherited)",
				);
				GCC_WARN_64_TO_32_BIT_CONVERSION = YES;
				GCC_WARN_ABOUT_RETURN_TYPE = YES_ERROR;
				GCC_WARN_UNDECLARED_SELECTOR = YES;
				GCC_WARN_UNINITIALIZED_AUTOS = YES_AGGRESSIVE;
				GCC_WARN_UNUSED_FUNCTION = YES;
				GCC_WARN_UNUSED_VARIABLE = YES;
				IPHONEOS_DEPLOYMENT_TARGET = 17.2;
				LD_RUNPATH_SEARCH_PATHS = (
					"@executable_path/Frameworks",
					"@loader_path/Frameworks",
				);
				LOCALIZATION_PREFERS_STRING_CATALOGS = YES;
				MTL_ENABLE_DEBUG_INFO = INCLUDE_SOURCE;
				MTL_FAST_MATH = YES;
				ONLY_ACTIVE_ARCH = YES;
				SDKROOT = iphoneos;
				SWIFT_ACTIVE_COMPILATION_CONDITIONS = "DEBUG $(inherited)";
				SWIFT_OPTIMIZATION_LEVEL = "-Onone";
			};
			name = Debug;
		};
		8CF1451B2CD1534D00005242 /* Release */ = {
			isa = XCBuildConfiguration;
			buildSettings = {
				ALWAYS_SEARCH_USER_PATHS = NO;
				ASSETCATALOG_COMPILER_GENERATE_SWIFT_ASSET_SYMBOL_EXTENSIONS = YES;
				CLANG_ANALYZER_NONNULL = YES;
				CLANG_ANALYZER_NUMBER_OBJECT_CONVERSION = YES_AGGRESSIVE;
				CLANG_CXX_LANGUAGE_STANDARD = "gnu++20";
				CLANG_ENABLE_MODULES = YES;
				CLANG_ENABLE_OBJC_ARC = YES;
				CLANG_ENABLE_OBJC_WEAK = YES;
				CLANG_WARN_BLOCK_CAPTURE_AUTORELEASING = YES;
				CLANG_WARN_BOOL_CONVERSION = YES;
				CLANG_WARN_COMMA = YES;
				CLANG_WARN_CONSTANT_CONVERSION = YES;
				CLANG_WARN_DEPRECATED_OBJC_IMPLEMENTATIONS = YES;
				CLANG_WARN_DIRECT_OBJC_ISA_USAGE = YES_ERROR;
				CLANG_WARN_DOCUMENTATION_COMMENTS = YES;
				CLANG_WARN_EMPTY_BODY = YES;
				CLANG_WARN_ENUM_CONVERSION = YES;
				CLANG_WARN_INFINITE_RECURSION = YES;
				CLANG_WARN_INT_CONVERSION = YES;
				CLANG_WARN_NON_LITERAL_NULL_CONVERSION = YES;
				CLANG_WARN_OBJC_IMPLICIT_RETAIN_SELF = YES;
				CLANG_WARN_OBJC_LITERAL_CONVERSION = YES;
				CLANG_WARN_OBJC_ROOT_CLASS = YES_ERROR;
				CLANG_WARN_QUOTED_INCLUDE_IN_FRAMEWORK_HEADER = YES;
				CLANG_WARN_RANGE_LOOP_ANALYSIS = YES;
				CLANG_WARN_STRICT_PROTOTYPES = YES;
				CLANG_WARN_SUSPICIOUS_MOVE = YES;
				CLANG_WARN_UNGUARDED_AVAILABILITY = YES_AGGRESSIVE;
				CLANG_WARN_UNREACHABLE_CODE = YES;
				CLANG_WARN__DUPLICATE_METHOD_MATCH = YES;
				COPY_PHASE_STRIP = NO;
				DEBUG_INFORMATION_FORMAT = "dwarf-with-dsym";
				ENABLE_NS_ASSERTIONS = NO;
				ENABLE_STRICT_OBJC_MSGSEND = YES;
				ENABLE_USER_SCRIPT_SANDBOXING = YES;
				GCC_C_LANGUAGE_STANDARD = gnu17;
				GCC_NO_COMMON_BLOCKS = YES;
				GCC_WARN_64_TO_32_BIT_CONVERSION = YES;
				GCC_WARN_ABOUT_RETURN_TYPE = YES_ERROR;
				GCC_WARN_UNDECLARED_SELECTOR = YES;
				GCC_WARN_UNINITIALIZED_AUTOS = YES_AGGRESSIVE;
				GCC_WARN_UNUSED_FUNCTION = YES;
				GCC_WARN_UNUSED_VARIABLE = YES;
				IPHONEOS_DEPLOYMENT_TARGET = 17.2;
				LD_RUNPATH_SEARCH_PATHS = (
					"@executable_path/Frameworks",
					"@loader_path/Frameworks",
				);
				LOCALIZATION_PREFERS_STRING_CATALOGS = YES;
				MTL_ENABLE_DEBUG_INFO = NO;
				MTL_FAST_MATH = YES;
				SDKROOT = iphoneos;
				SWIFT_COMPILATION_MODE = wholemodule;
				VALIDATE_PRODUCT = YES;
			};
			name = Release;
		};
		8CF1451D2CD1534D00005242 /* Debug */ = {
			isa = XCBuildConfiguration;
			buildSettings = {
				ASSETCATALOG_COMPILER_APPICON_NAME = AppIcon;
				ASSETCATALOG_COMPILER_GLOBAL_ACCENT_COLOR_NAME = AccentColor;
				CLANG_ENABLE_MODULES = YES;
				CODE_SIGN_ENTITLEMENTS = GlucoWatch/GlucoWatch.entitlements;
				CODE_SIGN_IDENTITY = "Apple Development";
				"CODE_SIGN_IDENTITY[sdk=iphoneos*]" = "iPhone Developer";
				CODE_SIGN_STYLE = Manual;
				CURRENT_PROJECT_VERSION = 1;
				DEVELOPMENT_ASSET_PATHS = "\"GlucoWatch/Preview Content\"";
				DEVELOPMENT_TEAM = "";
				"DEVELOPMENT_TEAM[sdk=iphoneos*]" = BP9F2YY4PR;
				ENABLE_PREVIEWS = YES;
				FRAMEWORK_SEARCH_PATHS = (
					"$(inherited)",
					"$(PROJECT_DIR)",
				);
				GENERATE_INFOPLIST_FILE = YES;
				INFOPLIST_FILE = GlucoWatch/Info.plist;
				INFOPLIST_KEY_NSCameraUsageDescription = "For scaning bar code of food products";
				INFOPLIST_KEY_NSHealthShareUsageDescription = "In order to build neuro miodel for correlation glucose healthkit data requested ";
				INFOPLIST_KEY_NSHealthUpdateUsageDescription = "In order to build neuro miodel for correlation glucose healthkit data requested ";
				INFOPLIST_KEY_NSSensorKitPrivacyPolicyURL = "http://www.kraft-paket.com.ua";
				INFOPLIST_KEY_NSSensorKitUsageDescription = "In order to build neuro miodel for correlation glucose healthkit data requested ";
				INFOPLIST_KEY_UIApplicationSceneManifest_Generation = YES;
				INFOPLIST_KEY_UIApplicationSupportsIndirectInputEvents = YES;
				INFOPLIST_KEY_UILaunchScreen_Generation = YES;
				INFOPLIST_KEY_UISupportedInterfaceOrientations_iPad = "UIInterfaceOrientationPortrait UIInterfaceOrientationPortraitUpsideDown UIInterfaceOrientationLandscapeLeft UIInterfaceOrientationLandscapeRight";
				INFOPLIST_KEY_UISupportedInterfaceOrientations_iPhone = "UIInterfaceOrientationPortrait UIInterfaceOrientationLandscapeLeft UIInterfaceOrientationLandscapeRight";
				IPHONEOS_DEPLOYMENT_TARGET = 17.4;
				LD_RUNPATH_SEARCH_PATHS = (
					"$(inherited)",
					"@executable_path/Frameworks",
					"@loader_path/Frameworks",
				);
				LIBRARY_SEARCH_PATHS = (
					"$(inherited)",
					"$(PROJECT_DIR)",
					"$(PROJECT_DIR)/Frameworks",
					"$(PROJECT_DIR)/GlucoWatch/Frameworks",
				);
				MARKETING_VERSION = 1.0;
				OTHER_SWIFT_FLAGS = "";
				PRODUCT_BUNDLE_IDENTIFIER = com.MassaM.GlucoWatch;
				PRODUCT_NAME = "$(TARGET_NAME)";
				PROVISIONING_PROFILE_SPECIFIER = "";
				"PROVISIONING_PROFILE_SPECIFIER[sdk=iphoneos*]" = Glucko;
				SWIFT_EMIT_LOC_STRINGS = YES;
				SWIFT_OBJC_BRIDGING_HEADER = "GlucoWatch/GlucoWatch-Bridging-Header.h";
				SWIFT_OPTIMIZATION_LEVEL = "-Onone";
				SWIFT_VERSION = 5.0;
				TARGETED_DEVICE_FAMILY = "1,2";
			};
			name = Debug;
		};
		8CF1451E2CD1534D00005242 /* Release */ = {
			isa = XCBuildConfiguration;
			buildSettings = {
				ASSETCATALOG_COMPILER_APPICON_NAME = AppIcon;
				ASSETCATALOG_COMPILER_GLOBAL_ACCENT_COLOR_NAME = AccentColor;
				CLANG_ENABLE_MODULES = YES;
				CODE_SIGN_ENTITLEMENTS = GlucoWatch/GlucoWatch.entitlements;
				CODE_SIGN_IDENTITY = "Apple Development";
				"CODE_SIGN_IDENTITY[sdk=iphoneos*]" = "iPhone Developer";
				CODE_SIGN_STYLE = Manual;
				CURRENT_PROJECT_VERSION = 1;
				DEVELOPMENT_ASSET_PATHS = "\"GlucoWatch/Preview Content\"";
				DEVELOPMENT_TEAM = "";
				"DEVELOPMENT_TEAM[sdk=iphoneos*]" = BP9F2YY4PR;
				ENABLE_PREVIEWS = YES;
				FRAMEWORK_SEARCH_PATHS = (
					"$(inherited)",
					"$(PROJECT_DIR)",
				);
				GENERATE_INFOPLIST_FILE = YES;
				INFOPLIST_FILE = GlucoWatch/Info.plist;
				INFOPLIST_KEY_NSCameraUsageDescription = "For scaning bar code of food products";
				INFOPLIST_KEY_NSHealthShareUsageDescription = "In order to build neuro miodel for correlation glucose healthkit data requested ";
				INFOPLIST_KEY_NSHealthUpdateUsageDescription = "In order to build neuro miodel for correlation glucose healthkit data requested ";
				INFOPLIST_KEY_NSSensorKitPrivacyPolicyURL = "http://www.kraft-paket.com.ua";
				INFOPLIST_KEY_NSSensorKitUsageDescription = "In order to build neuro miodel for correlation glucose healthkit data requested ";
				INFOPLIST_KEY_UIApplicationSceneManifest_Generation = YES;
				INFOPLIST_KEY_UIApplicationSupportsIndirectInputEvents = YES;
				INFOPLIST_KEY_UILaunchScreen_Generation = YES;
				INFOPLIST_KEY_UISupportedInterfaceOrientations_iPad = "UIInterfaceOrientationPortrait UIInterfaceOrientationPortraitUpsideDown UIInterfaceOrientationLandscapeLeft UIInterfaceOrientationLandscapeRight";
				INFOPLIST_KEY_UISupportedInterfaceOrientations_iPhone = "UIInterfaceOrientationPortrait UIInterfaceOrientationLandscapeLeft UIInterfaceOrientationLandscapeRight";
				IPHONEOS_DEPLOYMENT_TARGET = 17.4;
				LD_RUNPATH_SEARCH_PATHS = (
					"$(inherited)",
					"@executable_path/Frameworks",
					"@loader_path/Frameworks",
				);
				LIBRARY_SEARCH_PATHS = (
					"$(inherited)",
					"$(PROJECT_DIR)",
					"$(PROJECT_DIR)/Frameworks",
					"$(PROJECT_DIR)/GlucoWatch/Frameworks",
				);
				MARKETING_VERSION = 1.0;
				OTHER_SWIFT_FLAGS = "";
				PRODUCT_BUNDLE_IDENTIFIER = com.MassaM.GlucoWatch;
				PRODUCT_NAME = "$(TARGET_NAME)";
				PROVISIONING_PROFILE_SPECIFIER = "";
				"PROVISIONING_PROFILE_SPECIFIER[sdk=iphoneos*]" = Glucko;
				SWIFT_EMIT_LOC_STRINGS = YES;
				SWIFT_OBJC_BRIDGING_HEADER = "GlucoWatch/GlucoWatch-Bridging-Header.h";
				SWIFT_VERSION = 5.0;
				TARGETED_DEVICE_FAMILY = "1,2";
			};
			name = Release;
		};
		8CF145202CD1534D00005242 /* Debug */ = {
			isa = XCBuildConfiguration;
			buildSettings = {
				ALWAYS_EMBED_SWIFT_STANDARD_LIBRARIES = YES;
				BUNDLE_LOADER = "$(TEST_HOST)";
				CODE_SIGN_STYLE = Automatic;
				CURRENT_PROJECT_VERSION = 1;
				DEVELOPMENT_TEAM = BP9F2YY4PR;
				GENERATE_INFOPLIST_FILE = YES;
				IPHONEOS_DEPLOYMENT_TARGET = 17.2;
				MARKETING_VERSION = 1.0;
				PRODUCT_BUNDLE_IDENTIFIER = com.MassaM.GlucoWatchTests;
				PRODUCT_NAME = "$(TARGET_NAME)";
				SWIFT_EMIT_LOC_STRINGS = NO;
				SWIFT_VERSION = 5.0;
				TARGETED_DEVICE_FAMILY = "1,2";
				TEST_HOST = "$(BUILT_PRODUCTS_DIR)/GlucoWatch.app/$(BUNDLE_EXECUTABLE_FOLDER_PATH)/GlucoWatch";
			};
			name = Debug;
		};
		8CF145212CD1534D00005242 /* Release */ = {
			isa = XCBuildConfiguration;
			buildSettings = {
				ALWAYS_EMBED_SWIFT_STANDARD_LIBRARIES = YES;
				BUNDLE_LOADER = "$(TEST_HOST)";
				CODE_SIGN_STYLE = Automatic;
				CURRENT_PROJECT_VERSION = 1;
				DEVELOPMENT_TEAM = BP9F2YY4PR;
				GENERATE_INFOPLIST_FILE = YES;
				IPHONEOS_DEPLOYMENT_TARGET = 17.2;
				MARKETING_VERSION = 1.0;
				PRODUCT_BUNDLE_IDENTIFIER = com.MassaM.GlucoWatchTests;
				PRODUCT_NAME = "$(TARGET_NAME)";
				SWIFT_EMIT_LOC_STRINGS = NO;
				SWIFT_VERSION = 5.0;
				TARGETED_DEVICE_FAMILY = "1,2";
				TEST_HOST = "$(BUILT_PRODUCTS_DIR)/GlucoWatch.app/$(BUNDLE_EXECUTABLE_FOLDER_PATH)/GlucoWatch";
			};
			name = Release;
		};
		8CF145232CD1534D00005242 /* Debug */ = {
			isa = XCBuildConfiguration;
			buildSettings = {
				ALWAYS_EMBED_SWIFT_STANDARD_LIBRARIES = YES;
				CODE_SIGN_STYLE = Automatic;
				CURRENT_PROJECT_VERSION = 1;
				DEVELOPMENT_TEAM = BP9F2YY4PR;
				GENERATE_INFOPLIST_FILE = YES;
				MARKETING_VERSION = 1.0;
				PRODUCT_BUNDLE_IDENTIFIER = com.MassaM.GlucoWatchUITests;
				PRODUCT_NAME = "$(TARGET_NAME)";
				SWIFT_EMIT_LOC_STRINGS = NO;
				SWIFT_VERSION = 5.0;
				TARGETED_DEVICE_FAMILY = "1,2";
				TEST_TARGET_NAME = GlucoWatch;
			};
			name = Debug;
		};
		8CF145242CD1534D00005242 /* Release */ = {
			isa = XCBuildConfiguration;
			buildSettings = {
				ALWAYS_EMBED_SWIFT_STANDARD_LIBRARIES = YES;
				CODE_SIGN_STYLE = Automatic;
				CURRENT_PROJECT_VERSION = 1;
				DEVELOPMENT_TEAM = BP9F2YY4PR;
				GENERATE_INFOPLIST_FILE = YES;
				MARKETING_VERSION = 1.0;
				PRODUCT_BUNDLE_IDENTIFIER = com.MassaM.GlucoWatchUITests;
				PRODUCT_NAME = "$(TARGET_NAME)";
				SWIFT_EMIT_LOC_STRINGS = NO;
				SWIFT_VERSION = 5.0;
				TARGETED_DEVICE_FAMILY = "1,2";
				TEST_TARGET_NAME = GlucoWatch;
			};
			name = Release;
		};
/* End XCBuildConfiguration section */

/* Begin XCConfigurationList section */
		8CF144EE2CD1534900005242 /* Build configuration list for PBXProject "GlucoWatch" */ = {
			isa = XCConfigurationList;
			buildConfigurations = (
				8CF1451A2CD1534D00005242 /* Debug */,
				8CF1451B2CD1534D00005242 /* Release */,
			);
			defaultConfigurationIsVisible = 0;
			defaultConfigurationName = Release;
		};
		8CF1451C2CD1534D00005242 /* Build configuration list for PBXNativeTarget "GlucoWatch" */ = {
			isa = XCConfigurationList;
			buildConfigurations = (
				8CF1451D2CD1534D00005242 /* Debug */,
				8CF1451E2CD1534D00005242 /* Release */,
			);
			defaultConfigurationIsVisible = 0;
			defaultConfigurationName = Release;
		};
		8CF1451F2CD1534D00005242 /* Build configuration list for PBXNativeTarget "GlucoWatchTests" */ = {
			isa = XCConfigurationList;
			buildConfigurations = (
				8CF145202CD1534D00005242 /* Debug */,
				8CF145212CD1534D00005242 /* Release */,
			);
			defaultConfigurationIsVisible = 0;
			defaultConfigurationName = Release;
		};
		8CF145222CD1534D00005242 /* Build configuration list for PBXNativeTarget "GlucoWatchUITests" */ = {
			isa = XCConfigurationList;
			buildConfigurations = (
				8CF145232CD1534D00005242 /* Debug */,
				8CF145242CD1534D00005242 /* Release */,
			);
			defaultConfigurationIsVisible = 0;
			defaultConfigurationName = Release;
		};
/* End XCConfigurationList section */

/* Begin XCVersionGroup section */
		8CF145012CD1534C00005242 /* GlucoWatch.xcdatamodeld */ = {
			isa = XCVersionGroup;
			children = (
				8CF145022CD1534C00005242 /* GlucoWatch.xcdatamodel */,
			);
			currentVersion = 8CF145022CD1534C00005242 /* GlucoWatch.xcdatamodel */;
			path = GlucoWatch.xcdatamodeld;
			sourceTree = "<group>";
			versionGroupType = wrapper.xcdatamodel;
		};
/* End XCVersionGroup section */
	};
	rootObject = 8CF144EB2CD1534900005242 /* Project object */;
}
